
Microsoft Visual Studio Solution File, Format Version 12.00
# Visual Studio Version 16
VisualStudioVersion = 16.0.31129.286
MinimumVisualStudioVersion = 10.0.40219.1
Project("{FAE04EC0-301F-11D3-BF4B-00C04F79EFBC}") = "ConsoleApp9", "ConsoleApp9\ConsoleApp9.csproj", "{79D7A20D-32ED-4C51-B890-FC3F6FCEF354}"
EndProject
Global
	GlobalSection(SolutionConfigurationPlatforms) = preSolution
		Debug|Any CPU = Debug|Any CPU
		Release|Any CPU = Release|Any CPU
	EndGlobalSection
	GlobalSection(ProjectConfigurationPlatforms) = postSolution
		{79D7A20D-32ED-4C51-B890-FC3F6FCEF354}.Debug|Any CPU.ActiveCfg = Debug|Any CPU
		{79D7A20D-32ED-4C51-B890-FC3F6FCEF354}.Debug|Any CPU.Build.0 = Debug|Any CPU
		{79D7A20D-32ED-4C51-B890-FC3F6FCEF354}.Release|Any CPU.ActiveCfg = Release|Any CPU
		{79D7A20D-32ED-4C51-B890-FC3F6FCEF354}.Release|Any CPU.Build.0 = Release|Any CPU
	EndGlobalSection
	GlobalSection(SolutionProperties) = preSolution
		HideSolutionNode = FALSE
	EndGlobalSection
	GlobalSection(ExtensibilityGlobals) = postSolution
		SolutionGuid = {EF8A1672-900C-4117-A464-605B2D206DD3}
	EndGlobalSection
EndGlobal
