
Microsoft Visual Studio Solution File, Format Version 12.00
# Visual Studio Version 16
VisualStudioVersion = 16.0.31129.286
MinimumVisualStudioVersion = 10.0.40219.1
Project("{FAE04EC0-301F-11D3-BF4B-00C04F79EFBC}") = "ConsoleApp4", "ConsoleApp4\ConsoleApp4.csproj", "{F3852144-98FA-486E-B4AF-C1FE008D6DD3}"
EndProject
Global
	GlobalSection(SolutionConfigurationPlatforms) = preSolution
		Debug|Any CPU = Debug|Any CPU
		Release|Any CPU = Release|Any CPU
	EndGlobalSection
	GlobalSection(ProjectConfigurationPlatforms) = postSolution
		{F3852144-98FA-486E-B4AF-C1FE008D6DD3}.Debug|Any CPU.ActiveCfg = Debug|Any CPU
		{F3852144-98FA-486E-B4AF-C1FE008D6DD3}.Debug|Any CPU.Build.0 = Debug|Any CPU
		{F3852144-98FA-486E-B4AF-C1FE008D6DD3}.Release|Any CPU.ActiveCfg = Release|Any CPU
		{F3852144-98FA-486E-B4AF-C1FE008D6DD3}.Release|Any CPU.Build.0 = Release|Any CPU
	EndGlobalSection
	GlobalSection(SolutionProperties) = preSolution
		HideSolutionNode = FALSE
	EndGlobalSection
	GlobalSection(ExtensibilityGlobals) = postSolution
		SolutionGuid = {33DB4895-F5E5-40C4-8177-533AA02867D4}
	EndGlobalSection
EndGlobal
